
Microsoft Visual Studio Solution File, Format Version 12.00
# Visual Studio Version 17
VisualStudioVersion = 17.4.33205.214
MinimumVisualStudioVersion = 10.0.40219.1
Project("{9A19103F-16F7-4668-BE54-9A1E7A4F7556}") = "Expenses Tracker - Grupo 02", "Expenses Tracker - Grupo 02\Expenses Tracker - Grupo 02.csproj", "{AECC6E32-1698-4EB6-AD38-3730E6FBF817}"
EndProject
Project("{FAE04EC0-301F-11D3-BF4B-00C04F79EFBC}") = "TestExpensesTracker", "TestExpensesTracker\TestExpensesTracker.csproj", "{F1F6F10E-B012-4D1A-96DF-07396F1DC989}"
EndProject
Global
	GlobalSection(SolutionConfigurationPlatforms) = preSolution
		Debug|Any CPU = Debug|Any CPU
		Release|Any CPU = Release|Any CPU
	EndGlobalSection
	GlobalSection(ProjectConfigurationPlatforms) = postSolution
		{AECC6E32-1698-4EB6-AD38-3730E6FBF817}.Debug|Any CPU.ActiveCfg = Debug|Any CPU
		{AECC6E32-1698-4EB6-AD38-3730E6FBF817}.Debug|Any CPU.Build.0 = Debug|Any CPU
		{AECC6E32-1698-4EB6-AD38-3730E6FBF817}.Release|Any CPU.ActiveCfg = Release|Any CPU
		{AECC6E32-1698-4EB6-AD38-3730E6FBF817}.Release|Any CPU.Build.0 = Release|Any CPU
		{F1F6F10E-B012-4D1A-96DF-07396F1DC989}.Debug|Any CPU.ActiveCfg = Debug|Any CPU
		{F1F6F10E-B012-4D1A-96DF-07396F1DC989}.Debug|Any CPU.Build.0 = Debug|Any CPU
		{F1F6F10E-B012-4D1A-96DF-07396F1DC989}.Release|Any CPU.ActiveCfg = Release|Any CPU
		{F1F6F10E-B012-4D1A-96DF-07396F1DC989}.Release|Any CPU.Build.0 = Release|Any CPU
	EndGlobalSection
	GlobalSection(SolutionProperties) = preSolution
		HideSolutionNode = FALSE
	EndGlobalSection
	GlobalSection(ExtensibilityGlobals) = postSolution
		SolutionGuid = {0526F6CD-4BC7-4AF7-A355-2F92713B141A}
	EndGlobalSection
EndGlobal
